
Microsoft Visual Studio Solution File, Format Version 12.00
# Visual Studio Version 17
VisualStudioVersion = 17.1.32421.90
MinimumVisualStudioVersion = 10.0.40219.1
Project("{9A19103F-16F7-4668-BE54-9A1E7A4F7556}") = "FootballLeague.Domain", "FootballLeague.Domain\FootballLeague.Domain.csproj", "{C360EB21-1177-46FD-A358-1C3865258BF5}"
EndProject
Project("{9A19103F-16F7-4668-BE54-9A1E7A4F7556}") = "FootballLeague.DataAccess", "FootballLeague.DataAccess\FootballLeague.DataAccess.csproj", "{9EE97400-B25A-41E2-8312-F656E69C9763}"
EndProject
Project("{9A19103F-16F7-4668-BE54-9A1E7A4F7556}") = "FootballLeague.Web", "FootballLeague.Web\FootballLeague.Web.csproj", "{E2BE702C-5207-4F0F-BF18-67EA9BCA8A38}"
EndProject
Project("{9A19103F-16F7-4668-BE54-9A1E7A4F7556}") = "FootballLeague.Services", "FootballLeague.Services\FootballLeague.Services.csproj", "{840BF570-7FD4-4DC6-9C30-5635721DBDD2}"
EndProject
Project("{2150E333-8FDC-42A3-9474-1A3956D46DE8}") = "Tests", "Tests", "{304E2DB7-3C04-41F7-A58C-FE15ACF7946F}"
EndProject
Project("{FAE04EC0-301F-11D3-BF4B-00C04F79EFBC}") = "FootballLeague.Services.Tests", "FootballLeague.Services.Tests\FootballLeague.Services.Tests.csproj", "{97D77485-F476-4080-B4C1-FC7C5BEA6D79}"
EndProject
Global
	GlobalSection(SolutionConfigurationPlatforms) = preSolution
		Debug|Any CPU = Debug|Any CPU
		Release|Any CPU = Release|Any CPU
	EndGlobalSection
	GlobalSection(ProjectConfigurationPlatforms) = postSolution
		{C360EB21-1177-46FD-A358-1C3865258BF5}.Debug|Any CPU.ActiveCfg = Debug|Any CPU
		{C360EB21-1177-46FD-A358-1C3865258BF5}.Debug|Any CPU.Build.0 = Debug|Any CPU
		{C360EB21-1177-46FD-A358-1C3865258BF5}.Release|Any CPU.ActiveCfg = Release|Any CPU
		{C360EB21-1177-46FD-A358-1C3865258BF5}.Release|Any CPU.Build.0 = Release|Any CPU
		{9EE97400-B25A-41E2-8312-F656E69C9763}.Debug|Any CPU.ActiveCfg = Debug|Any CPU
		{9EE97400-B25A-41E2-8312-F656E69C9763}.Debug|Any CPU.Build.0 = Debug|Any CPU
		{9EE97400-B25A-41E2-8312-F656E69C9763}.Release|Any CPU.ActiveCfg = Release|Any CPU
		{9EE97400-B25A-41E2-8312-F656E69C9763}.Release|Any CPU.Build.0 = Release|Any CPU
		{E2BE702C-5207-4F0F-BF18-67EA9BCA8A38}.Debug|Any CPU.ActiveCfg = Debug|Any CPU
		{E2BE702C-5207-4F0F-BF18-67EA9BCA8A38}.Debug|Any CPU.Build.0 = Debug|Any CPU
		{E2BE702C-5207-4F0F-BF18-67EA9BCA8A38}.Release|Any CPU.ActiveCfg = Release|Any CPU
		{E2BE702C-5207-4F0F-BF18-67EA9BCA8A38}.Release|Any CPU.Build.0 = Release|Any CPU
		{840BF570-7FD4-4DC6-9C30-5635721DBDD2}.Debug|Any CPU.ActiveCfg = Debug|Any CPU
		{840BF570-7FD4-4DC6-9C30-5635721DBDD2}.Debug|Any CPU.Build.0 = Debug|Any CPU
		{840BF570-7FD4-4DC6-9C30-5635721DBDD2}.Release|Any CPU.ActiveCfg = Release|Any CPU
		{840BF570-7FD4-4DC6-9C30-5635721DBDD2}.Release|Any CPU.Build.0 = Release|Any CPU
		{97D77485-F476-4080-B4C1-FC7C5BEA6D79}.Debug|Any CPU.ActiveCfg = Debug|Any CPU
		{97D77485-F476-4080-B4C1-FC7C5BEA6D79}.Debug|Any CPU.Build.0 = Debug|Any CPU
		{97D77485-F476-4080-B4C1-FC7C5BEA6D79}.Release|Any CPU.ActiveCfg = Release|Any CPU
		{97D77485-F476-4080-B4C1-FC7C5BEA6D79}.Release|Any CPU.Build.0 = Release|Any CPU
	EndGlobalSection
	GlobalSection(SolutionProperties) = preSolution
		HideSolutionNode = FALSE
	EndGlobalSection
	GlobalSection(NestedProjects) = preSolution
		{97D77485-F476-4080-B4C1-FC7C5BEA6D79} = {304E2DB7-3C04-41F7-A58C-FE15ACF7946F}
	EndGlobalSection
	GlobalSection(ExtensibilityGlobals) = postSolution
		SolutionGuid = {62DB8EBE-E71C-4C1C-8486-1372E02068F1}
	EndGlobalSection
EndGlobal
